
Microsoft Visual Studio Solution File, Format Version 12.00
# Visual Studio Version 17
VisualStudioVersion = 17.3.32901.215
MinimumVisualStudioVersion = 10.0.40219.1
Project("{54A90642-561A-4BB1-A94E-469ADEE60C69}") = "moviereviewwebsite", "moviereviewwebsite.esproj", "{ED25E4EF-3A1B-4189-B7BB-545B3228866D}"
EndProject
Project("{9A19103F-16F7-4668-BE54-9A1E7A4F7556}") = "API", "..\StandUpApi\API\API.csproj", "{C56467D2-62D6-4545-924C-1FA9FD9BFFFB}"
EndProject
Project("{9A19103F-16F7-4668-BE54-9A1E7A4F7556}") = "Application", "..\StandUpApi\Application\Application.csproj", "{2F189A5F-B159-4E48-ADEF-2032BD5BBCF6}"
EndProject
Project("{9A19103F-16F7-4668-BE54-9A1E7A4F7556}") = "Domain", "..\StandUpApi\Domain\Domain.csproj", "{D3C165F7-5364-4C7B-8D22-D5102039E50F}"
EndProject
Project("{9A19103F-16F7-4668-BE54-9A1E7A4F7556}") = "Persistence", "..\StandUpApi\Persistence\Persistence.csproj", "{CD8857B2-989A-4B59-8AA6-CC0E906D371D}"
EndProject
Global
	GlobalSection(SolutionConfigurationPlatforms) = preSolution
		Debug|Any CPU = Debug|Any CPU
		Release|Any CPU = Release|Any CPU
	EndGlobalSection
	GlobalSection(ProjectConfigurationPlatforms) = postSolution
		{ED25E4EF-3A1B-4189-B7BB-545B3228866D}.Debug|Any CPU.ActiveCfg = Debug|Any CPU
		{ED25E4EF-3A1B-4189-B7BB-545B3228866D}.Debug|Any CPU.Build.0 = Debug|Any CPU
		{ED25E4EF-3A1B-4189-B7BB-545B3228866D}.Debug|Any CPU.Deploy.0 = Debug|Any CPU
		{ED25E4EF-3A1B-4189-B7BB-545B3228866D}.Release|Any CPU.ActiveCfg = Release|Any CPU
		{ED25E4EF-3A1B-4189-B7BB-545B3228866D}.Release|Any CPU.Build.0 = Release|Any CPU
		{ED25E4EF-3A1B-4189-B7BB-545B3228866D}.Release|Any CPU.Deploy.0 = Release|Any CPU
		{C56467D2-62D6-4545-924C-1FA9FD9BFFFB}.Debug|Any CPU.ActiveCfg = Debug|Any CPU
		{C56467D2-62D6-4545-924C-1FA9FD9BFFFB}.Debug|Any CPU.Build.0 = Debug|Any CPU
		{C56467D2-62D6-4545-924C-1FA9FD9BFFFB}.Release|Any CPU.ActiveCfg = Release|Any CPU
		{C56467D2-62D6-4545-924C-1FA9FD9BFFFB}.Release|Any CPU.Build.0 = Release|Any CPU
		{2F189A5F-B159-4E48-ADEF-2032BD5BBCF6}.Debug|Any CPU.ActiveCfg = Debug|Any CPU
		{2F189A5F-B159-4E48-ADEF-2032BD5BBCF6}.Debug|Any CPU.Build.0 = Debug|Any CPU
		{2F189A5F-B159-4E48-ADEF-2032BD5BBCF6}.Release|Any CPU.ActiveCfg = Release|Any CPU
		{2F189A5F-B159-4E48-ADEF-2032BD5BBCF6}.Release|Any CPU.Build.0 = Release|Any CPU
		{D3C165F7-5364-4C7B-8D22-D5102039E50F}.Debug|Any CPU.ActiveCfg = Debug|Any CPU
		{D3C165F7-5364-4C7B-8D22-D5102039E50F}.Debug|Any CPU.Build.0 = Debug|Any CPU
		{D3C165F7-5364-4C7B-8D22-D5102039E50F}.Release|Any CPU.ActiveCfg = Release|Any CPU
		{D3C165F7-5364-4C7B-8D22-D5102039E50F}.Release|Any CPU.Build.0 = Release|Any CPU
		{CD8857B2-989A-4B59-8AA6-CC0E906D371D}.Debug|Any CPU.ActiveCfg = Debug|Any CPU
		{CD8857B2-989A-4B59-8AA6-CC0E906D371D}.Debug|Any CPU.Build.0 = Debug|Any CPU
		{CD8857B2-989A-4B59-8AA6-CC0E906D371D}.Release|Any CPU.ActiveCfg = Release|Any CPU
		{CD8857B2-989A-4B59-8AA6-CC0E906D371D}.Release|Any CPU.Build.0 = Release|Any CPU
	EndGlobalSection
	GlobalSection(SolutionProperties) = preSolution
		HideSolutionNode = FALSE
	EndGlobalSection
	GlobalSection(ExtensibilityGlobals) = postSolution
		SolutionGuid = {C1A90758-079A-4B44-90AC-7636222EA5F3}
	EndGlobalSection
EndGlobal
